Microsoft Visual Studio Solution File, Format Version 12.00
# Visual Studio Version 17
VisualStudioVersion = 17.5.2.0
MinimumVisualStudioVersion = 10.0.40219.1
Project("{FAE04EC0-301F-11D3-BF4B-00C04F79EFBC}") = "NovaCommerce.API", "NovaCommerce.API.csproj", "{03267C05-8BB1-E729-2CDB-BB0757A7B1E1}"
EndProject
Global
	GlobalSection(SolutionConfigurationPlatforms) = preSolution
		Debug|Any CPU = Debug|Any CPU
		Release|Any CPU = Release|Any CPU
	EndGlobalSection
	GlobalSection(ProjectConfigurationPlatforms) = postSolution
		{03267C05-8BB1-E729-2CDB-BB0757A7B1E1}.Debug|Any CPU.ActiveCfg = Debug|Any CPU
		{03267C05-8BB1-E729-2CDB-BB0757A7B1E1}.Debug|Any CPU.Build.0 = Debug|Any CPU
		{03267C05-8BB1-E729-2CDB-BB0757A7B1E1}.Release|Any CPU.ActiveCfg = Release|Any CPU
		{03267C05-8BB1-E729-2CDB-BB0757A7B1E1}.Release|Any CPU.Build.0 = Release|Any CPU
	EndGlobalSection
	GlobalSection(SolutionProperties) = preSolution
		HideSolutionNode = FALSE
	EndGlobalSection
	GlobalSection(ExtensibilityGlobals) = postSolution
		SolutionGuid = {0AACD4FD-5F4C-48B1-B5FF-EBAC4322FAAD}
	EndGlobalSection
EndGlobal
